
Microsoft Visual Studio Solution File, Format Version 12.00
# Visual Studio 15
VisualStudioVersion = 15.0.28307.1340
MinimumVisualStudioVersion = 10.0.40219.1
Project("{8BC9CEB8-8B4A-11D0-8D11-00A0C91BC942}") = "Cpp", "Cpp\Cpp.vcxproj", "{D5E4265F-3812-4CAD-971B-73748A5A5CF1}"
EndProject
Project("{8BC9CEB8-8B4A-11D0-8D11-00A0C91BC942}") = "Reference", "Reference\Reference.vcxproj", "{04F31B93-BDC4-43EB-BE87-836F8A137D7B}"
EndProject
Project("{8BC9CEB8-8B4A-11D0-8D11-00A0C91BC942}") = "Lambda", "Lambda\Lambda.vcxproj", "{082E0DC6-A2E8-4454-A3E7-448F5BAD77C8}"
EndProject
Project("{8BC9CEB8-8B4A-11D0-8D11-00A0C91BC942}") = "Template", "Template\Template.vcxproj", "{4BD3EC64-CBEC-4046-879F-DE182611DF46}"
EndProject
Project("{8BC9CEB8-8B4A-11D0-8D11-00A0C91BC942}") = "Inline", "inline\inline.vcxproj", "{8B45EA4E-B49B-48ED-8676-D2987263111D}"
EndProject
Project("{8BC9CEB8-8B4A-11D0-8D11-00A0C91BC942}") = "Math", "Algorithm\Algorithm.vcxproj", "{4CD6FFC5-EC64-45B7-9425-6C89F3CB2D98}"
EndProject
Project("{8BC9CEB8-8B4A-11D0-8D11-00A0C91BC942}") = "Vector", "Vector\Vector.vcxproj", "{D6ECF880-0F08-4455-9E36-00A16F8D2BF9}"
EndProject
Project("{8BC9CEB8-8B4A-11D0-8D11-00A0C91BC942}") = "SmartPointor", "SmartPoint\SmartPoint.vcxproj", "{EF1940B6-8382-4CC4-8DCE-FB44371F399E}"
EndProject
Project("{8BC9CEB8-8B4A-11D0-8D11-00A0C91BC942}") = "Exception", "Exception\Exception.vcxproj", "{43282A94-D038-4E0E-B405-113D340F9C43}"
EndProject
Project("{8BC9CEB8-8B4A-11D0-8D11-00A0C91BC942}") = "Macro", "Macro\Macro.vcxproj", "{D8EBDE7E-DB73-4518-A262-B38B9BB7CDAC}"
EndProject
Project("{8BC9CEB8-8B4A-11D0-8D11-00A0C91BC942}") = "CppProject", "CppProject\CppProject.vcxproj", "{1158DA20-907F-45F9-AEC9-C2AFEDFE2238}"
EndProject
Project("{8BC9CEB8-8B4A-11D0-8D11-00A0C91BC942}") = "RandomShuffle", "random_shuffle\random_shuffle.vcxproj", "{B100BFCB-80CA-4141-BDAC-2079A097ABE3}"
EndProject
Project("{8BC9CEB8-8B4A-11D0-8D11-00A0C91BC942}") = "Class", "Class\Class.vcxproj", "{C80CDE17-B6C2-401D-AD66-1B70F245807F}"
EndProject
Project("{8BC9CEB8-8B4A-11D0-8D11-00A0C91BC942}") = "Mem", "Mem\Mem.vcxproj", "{D68A4E66-8347-479E-906B-D4F2B9CDABEE}"
EndProject
Project("{8BC9CEB8-8B4A-11D0-8D11-00A0C91BC942}") = "BitCalcu", "BitCul\BitCul.vcxproj", "{4B24DCF1-9B2F-4D54-8FA2-FCC1123FBA8F}"
EndProject
Project("{8BC9CEB8-8B4A-11D0-8D11-00A0C91BC942}") = "Pointor", "Pointor\Pointor.vcxproj", "{03AD4431-A4A0-41A4-B0DD-E23128D15D16}"
EndProject
Project("{8BC9CEB8-8B4A-11D0-8D11-00A0C91BC942}") = "Struct", "Struct\Struct.vcxproj", "{810190F6-9ED1-4FDC-9E1F-9CCB3AB95142}"
EndProject
Project("{8BC9CEB8-8B4A-11D0-8D11-00A0C91BC942}") = "Static", "Static\Static.vcxproj", "{1F0FAD5B-3DFD-4516-B716-6E03657ECC52}"
EndProject
Project("{8BC9CEB8-8B4A-11D0-8D11-00A0C91BC942}") = "For", "For\For.vcxproj", "{94338044-EA95-433B-A7D9-0DF995BAC009}"
EndProject
Project("{8BC9CEB8-8B4A-11D0-8D11-00A0C91BC942}") = "RTTI-typeid", "RTTI\RTTI.vcxproj", "{43D3301A-70A9-4891-BC9D-D7B349F09CEE}"
EndProject
Project("{8BC9CEB8-8B4A-11D0-8D11-00A0C91BC942}") = "Map", "Map\Map.vcxproj", "{427B7A56-4306-4097-AC96-D5219FD5263E}"
EndProject
Project("{8BC9CEB8-8B4A-11D0-8D11-00A0C91BC942}") = "Fstream", "Fstream\Fstream.vcxproj", "{EAFC32AB-C006-4276-9323-071773B4E954}"
EndProject
Project("{8BC9CEB8-8B4A-11D0-8D11-00A0C91BC942}") = "StringToDouble", "StringToDouble\StringToDouble.vcxproj", "{D43F886D-B026-43EF-AB67-93A66C3CC88B}"
EndProject
Project("{8BC9CEB8-8B4A-11D0-8D11-00A0C91BC942}") = "OverrideFinal", "OverrideFinal\OverrideFinal.vcxproj", "{F914E8A4-DD07-49A0-8A21-C540F59D518A}"
EndProject
Project("{8BC9CEB8-8B4A-11D0-8D11-00A0C91BC942}") = "Friend", "Friend\Friend.vcxproj", "{027645D9-3747-4F86-A117-BB57007923F8}"
EndProject
Global
	GlobalSection(SolutionConfigurationPlatforms) = preSolution
		Debug|x64 = Debug|x64
		Debug|x86 = Debug|x86
		Release|x64 = Release|x64
		Release|x86 = Release|x86
	EndGlobalSection
	GlobalSection(ProjectConfigurationPlatforms) = postSolution
		{D5E4265F-3812-4CAD-971B-73748A5A5CF1}.Debug|x64.ActiveCfg = Debug|x64
		{D5E4265F-3812-4CAD-971B-73748A5A5CF1}.Debug|x64.Build.0 = Debug|x64
		{D5E4265F-3812-4CAD-971B-73748A5A5CF1}.Debug|x86.ActiveCfg = Debug|Win32
		{D5E4265F-3812-4CAD-971B-73748A5A5CF1}.Debug|x86.Build.0 = Debug|Win32
		{D5E4265F-3812-4CAD-971B-73748A5A5CF1}.Release|x64.ActiveCfg = Release|x64
		{D5E4265F-3812-4CAD-971B-73748A5A5CF1}.Release|x64.Build.0 = Release|x64
		{D5E4265F-3812-4CAD-971B-73748A5A5CF1}.Release|x86.ActiveCfg = Release|Win32
		{D5E4265F-3812-4CAD-971B-73748A5A5CF1}.Release|x86.Build.0 = Release|Win32
		{04F31B93-BDC4-43EB-BE87-836F8A137D7B}.Debug|x64.ActiveCfg = Debug|x64
		{04F31B93-BDC4-43EB-BE87-836F8A137D7B}.Debug|x64.Build.0 = Debug|x64
		{04F31B93-BDC4-43EB-BE87-836F8A137D7B}.Debug|x86.ActiveCfg = Debug|Win32
		{04F31B93-BDC4-43EB-BE87-836F8A137D7B}.Debug|x86.Build.0 = Debug|Win32
		{04F31B93-BDC4-43EB-BE87-836F8A137D7B}.Release|x64.ActiveCfg = Release|x64
		{04F31B93-BDC4-43EB-BE87-836F8A137D7B}.Release|x64.Build.0 = Release|x64
		{04F31B93-BDC4-43EB-BE87-836F8A137D7B}.Release|x86.ActiveCfg = Release|Win32
		{04F31B93-BDC4-43EB-BE87-836F8A137D7B}.Release|x86.Build.0 = Release|Win32
		{082E0DC6-A2E8-4454-A3E7-448F5BAD77C8}.Debug|x64.ActiveCfg = Debug|x64
		{082E0DC6-A2E8-4454-A3E7-448F5BAD77C8}.Debug|x64.Build.0 = Debug|x64
		{082E0DC6-A2E8-4454-A3E7-448F5BAD77C8}.Debug|x86.ActiveCfg = Debug|Win32
		{082E0DC6-A2E8-4454-A3E7-448F5BAD77C8}.Debug|x86.Build.0 = Debug|Win32
		{082E0DC6-A2E8-4454-A3E7-448F5BAD77C8}.Release|x64.ActiveCfg = Release|x64
		{082E0DC6-A2E8-4454-A3E7-448F5BAD77C8}.Release|x64.Build.0 = Release|x64
		{082E0DC6-A2E8-4454-A3E7-448F5BAD77C8}.Release|x86.ActiveCfg = Release|Win32
		{082E0DC6-A2E8-4454-A3E7-448F5BAD77C8}.Release|x86.Build.0 = Release|Win32
		{4BD3EC64-CBEC-4046-879F-DE182611DF46}.Debug|x64.ActiveCfg = Debug|x64
		{4BD3EC64-CBEC-4046-879F-DE182611DF46}.Debug|x64.Build.0 = Debug|x64
		{4BD3EC64-CBEC-4046-879F-DE182611DF46}.Debug|x86.ActiveCfg = Debug|Win32
		{4BD3EC64-CBEC-4046-879F-DE182611DF46}.Debug|x86.Build.0 = Debug|Win32
		{4BD3EC64-CBEC-4046-879F-DE182611DF46}.Release|x64.ActiveCfg = Release|x64
		{4BD3EC64-CBEC-4046-879F-DE182611DF46}.Release|x64.Build.0 = Release|x64
		{4BD3EC64-CBEC-4046-879F-DE182611DF46}.Release|x86.ActiveCfg = Release|Win32
		{4BD3EC64-CBEC-4046-879F-DE182611DF46}.Release|x86.Build.0 = Release|Win32
		{8B45EA4E-B49B-48ED-8676-D2987263111D}.Debug|x64.ActiveCfg = Debug|x64
		{8B45EA4E-B49B-48ED-8676-D2987263111D}.Debug|x64.Build.0 = Debug|x64
		{8B45EA4E-B49B-48ED-8676-D2987263111D}.Debug|x86.ActiveCfg = Debug|Win32
		{8B45EA4E-B49B-48ED-8676-D2987263111D}.Debug|x86.Build.0 = Debug|Win32
		{8B45EA4E-B49B-48ED-8676-D2987263111D}.Release|x64.ActiveCfg = Release|x64
		{8B45EA4E-B49B-48ED-8676-D2987263111D}.Release|x64.Build.0 = Release|x64
		{8B45EA4E-B49B-48ED-8676-D2987263111D}.Release|x86.ActiveCfg = Release|Win32
		{8B45EA4E-B49B-48ED-8676-D2987263111D}.Release|x86.Build.0 = Release|Win32
		{4CD6FFC5-EC64-45B7-9425-6C89F3CB2D98}.Debug|x64.ActiveCfg = Debug|x64
		{4CD6FFC5-EC64-45B7-9425-6C89F3CB2D98}.Debug|x64.Build.0 = Debug|x64
		{4CD6FFC5-EC64-45B7-9425-6C89F3CB2D98}.Debug|x86.ActiveCfg = Debug|Win32
		{4CD6FFC5-EC64-45B7-9425-6C89F3CB2D98}.Debug|x86.Build.0 = Debug|Win32
		{4CD6FFC5-EC64-45B7-9425-6C89F3CB2D98}.Release|x64.ActiveCfg = Release|x64
		{4CD6FFC5-EC64-45B7-9425-6C89F3CB2D98}.Release|x64.Build.0 = Release|x64
		{4CD6FFC5-EC64-45B7-9425-6C89F3CB2D98}.Release|x86.ActiveCfg = Release|Win32
		{4CD6FFC5-EC64-45B7-9425-6C89F3CB2D98}.Release|x86.Build.0 = Release|Win32
		{D6ECF880-0F08-4455-9E36-00A16F8D2BF9}.Debug|x64.ActiveCfg = Debug|x64
		{D6ECF880-0F08-4455-9E36-00A16F8D2BF9}.Debug|x64.Build.0 = Debug|x64
		{D6ECF880-0F08-4455-9E36-00A16F8D2BF9}.Debug|x86.ActiveCfg = Debug|Win32
		{D6ECF880-0F08-4455-9E36-00A16F8D2BF9}.Debug|x86.Build.0 = Debug|Win32
		{D6ECF880-0F08-4455-9E36-00A16F8D2BF9}.Release|x64.ActiveCfg = Release|x64
		{D6ECF880-0F08-4455-9E36-00A16F8D2BF9}.Release|x64.Build.0 = Release|x64
		{D6ECF880-0F08-4455-9E36-00A16F8D2BF9}.Release|x86.ActiveCfg = Release|Win32
		{D6ECF880-0F08-4455-9E36-00A16F8D2BF9}.Release|x86.Build.0 = Release|Win32
		{EF1940B6-8382-4CC4-8DCE-FB44371F399E}.Debug|x64.ActiveCfg = Debug|x64
		{EF1940B6-8382-4CC4-8DCE-FB44371F399E}.Debug|x64.Build.0 = Debug|x64
		{EF1940B6-8382-4CC4-8DCE-FB44371F399E}.Debug|x86.ActiveCfg = Debug|Win32
		{EF1940B6-8382-4CC4-8DCE-FB44371F399E}.Debug|x86.Build.0 = Debug|Win32
		{EF1940B6-8382-4CC4-8DCE-FB44371F399E}.Release|x64.ActiveCfg = Release|x64
		{EF1940B6-8382-4CC4-8DCE-FB44371F399E}.Release|x64.Build.0 = Release|x64
		{EF1940B6-8382-4CC4-8DCE-FB44371F399E}.Release|x86.ActiveCfg = Release|Win32
		{EF1940B6-8382-4CC4-8DCE-FB44371F399E}.Release|x86.Build.0 = Release|Win32
		{43282A94-D038-4E0E-B405-113D340F9C43}.Debug|x64.ActiveCfg = Debug|x64
		{43282A94-D038-4E0E-B405-113D340F9C43}.Debug|x64.Build.0 = Debug|x64
		{43282A94-D038-4E0E-B405-113D340F9C43}.Debug|x86.ActiveCfg = Debug|Win32
		{43282A94-D038-4E0E-B405-113D340F9C43}.Debug|x86.Build.0 = Debug|Win32
		{43282A94-D038-4E0E-B405-113D340F9C43}.Release|x64.ActiveCfg = Release|x64
		{43282A94-D038-4E0E-B405-113D340F9C43}.Release|x64.Build.0 = Release|x64
		{43282A94-D038-4E0E-B405-113D340F9C43}.Release|x86.ActiveCfg = Release|Win32
		{43282A94-D038-4E0E-B405-113D340F9C43}.Release|x86.Build.0 = Release|Win32
		{D8EBDE7E-DB73-4518-A262-B38B9BB7CDAC}.Debug|x64.ActiveCfg = Debug|x64
		{D8EBDE7E-DB73-4518-A262-B38B9BB7CDAC}.Debug|x64.Build.0 = Debug|x64
		{D8EBDE7E-DB73-4518-A262-B38B9BB7CDAC}.Debug|x86.ActiveCfg = Debug|Win32
		{D8EBDE7E-DB73-4518-A262-B38B9BB7CDAC}.Debug|x86.Build.0 = Debug|Win32
		{D8EBDE7E-DB73-4518-A262-B38B9BB7CDAC}.Release|x64.ActiveCfg = Release|x64
		{D8EBDE7E-DB73-4518-A262-B38B9BB7CDAC}.Release|x64.Build.0 = Release|x64
		{D8EBDE7E-DB73-4518-A262-B38B9BB7CDAC}.Release|x86.ActiveCfg = Release|Win32
		{D8EBDE7E-DB73-4518-A262-B38B9BB7CDAC}.Release|x86.Build.0 = Release|Win32
		{1158DA20-907F-45F9-AEC9-C2AFEDFE2238}.Debug|x64.ActiveCfg = Debug|x64
		{1158DA20-907F-45F9-AEC9-C2AFEDFE2238}.Debug|x64.Build.0 = Debug|x64
		{1158DA20-907F-45F9-AEC9-C2AFEDFE2238}.Debug|x86.ActiveCfg = Debug|Win32
		{1158DA20-907F-45F9-AEC9-C2AFEDFE2238}.Debug|x86.Build.0 = Debug|Win32
		{1158DA20-907F-45F9-AEC9-C2AFEDFE2238}.Release|x64.ActiveCfg = Release|x64
		{1158DA20-907F-45F9-AEC9-C2AFEDFE2238}.Release|x64.Build.0 = Release|x64
		{1158DA20-907F-45F9-AEC9-C2AFEDFE2238}.Release|x86.ActiveCfg = Release|Win32
		{1158DA20-907F-45F9-AEC9-C2AFEDFE2238}.Release|x86.Build.0 = Release|Win32
		{B100BFCB-80CA-4141-BDAC-2079A097ABE3}.Debug|x64.ActiveCfg = Debug|x64
		{B100BFCB-80CA-4141-BDAC-2079A097ABE3}.Debug|x64.Build.0 = Debug|x64
		{B100BFCB-80CA-4141-BDAC-2079A097ABE3}.Debug|x86.ActiveCfg = Debug|Win32
		{B100BFCB-80CA-4141-BDAC-2079A097ABE3}.Debug|x86.Build.0 = Debug|Win32
		{B100BFCB-80CA-4141-BDAC-2079A097ABE3}.Release|x64.ActiveCfg = Release|x64
		{B100BFCB-80CA-4141-BDAC-2079A097ABE3}.Release|x64.Build.0 = Release|x64
		{B100BFCB-80CA-4141-BDAC-2079A097ABE3}.Release|x86.ActiveCfg = Release|Win32
		{B100BFCB-80CA-4141-BDAC-2079A097ABE3}.Release|x86.Build.0 = Release|Win32
		{C80CDE17-B6C2-401D-AD66-1B70F245807F}.Debug|x64.ActiveCfg = Debug|x64
		{C80CDE17-B6C2-401D-AD66-1B70F245807F}.Debug|x64.Build.0 = Debug|x64
		{C80CDE17-B6C2-401D-AD66-1B70F245807F}.Debug|x86.ActiveCfg = Debug|Win32
		{C80CDE17-B6C2-401D-AD66-1B70F245807F}.Debug|x86.Build.0 = Debug|Win32
		{C80CDE17-B6C2-401D-AD66-1B70F245807F}.Release|x64.ActiveCfg = Release|x64
		{C80CDE17-B6C2-401D-AD66-1B70F245807F}.Release|x64.Build.0 = Release|x64
		{C80CDE17-B6C2-401D-AD66-1B70F245807F}.Release|x86.ActiveCfg = Release|Win32
		{C80CDE17-B6C2-401D-AD66-1B70F245807F}.Release|x86.Build.0 = Release|Win32
		{D68A4E66-8347-479E-906B-D4F2B9CDABEE}.Debug|x64.ActiveCfg = Debug|x64
		{D68A4E66-8347-479E-906B-D4F2B9CDABEE}.Debug|x64.Build.0 = Debug|x64
		{D68A4E66-8347-479E-906B-D4F2B9CDABEE}.Debug|x86.ActiveCfg = Debug|Win32
		{D68A4E66-8347-479E-906B-D4F2B9CDABEE}.Debug|x86.Build.0 = Debug|Win32
		{D68A4E66-8347-479E-906B-D4F2B9CDABEE}.Release|x64.ActiveCfg = Release|x64
		{D68A4E66-8347-479E-906B-D4F2B9CDABEE}.Release|x64.Build.0 = Release|x64
		{D68A4E66-8347-479E-906B-D4F2B9CDABEE}.Release|x86.ActiveCfg = Release|Win32
		{D68A4E66-8347-479E-906B-D4F2B9CDABEE}.Release|x86.Build.0 = Release|Win32
		{4B24DCF1-9B2F-4D54-8FA2-FCC1123FBA8F}.Debug|x64.ActiveCfg = Debug|x64
		{4B24DCF1-9B2F-4D54-8FA2-FCC1123FBA8F}.Debug|x64.Build.0 = Debug|x64
		{4B24DCF1-9B2F-4D54-8FA2-FCC1123FBA8F}.Debug|x86.ActiveCfg = Debug|Win32
		{4B24DCF1-9B2F-4D54-8FA2-FCC1123FBA8F}.Debug|x86.Build.0 = Debug|Win32
		{4B24DCF1-9B2F-4D54-8FA2-FCC1123FBA8F}.Release|x64.ActiveCfg = Release|x64
		{4B24DCF1-9B2F-4D54-8FA2-FCC1123FBA8F}.Release|x64.Build.0 = Release|x64
		{4B24DCF1-9B2F-4D54-8FA2-FCC1123FBA8F}.Release|x86.ActiveCfg = Release|Win32
		{4B24DCF1-9B2F-4D54-8FA2-FCC1123FBA8F}.Release|x86.Build.0 = Release|Win32
		{03AD4431-A4A0-41A4-B0DD-E23128D15D16}.Debug|x64.ActiveCfg = Debug|x64
		{03AD4431-A4A0-41A4-B0DD-E23128D15D16}.Debug|x64.Build.0 = Debug|x64
		{03AD4431-A4A0-41A4-B0DD-E23128D15D16}.Debug|x86.ActiveCfg = Debug|Win32
		{03AD4431-A4A0-41A4-B0DD-E23128D15D16}.Debug|x86.Build.0 = Debug|Win32
		{03AD4431-A4A0-41A4-B0DD-E23128D15D16}.Release|x64.ActiveCfg = Release|x64
		{03AD4431-A4A0-41A4-B0DD-E23128D15D16}.Release|x64.Build.0 = Release|x64
		{03AD4431-A4A0-41A4-B0DD-E23128D15D16}.Release|x86.ActiveCfg = Release|Win32
		{03AD4431-A4A0-41A4-B0DD-E23128D15D16}.Release|x86.Build.0 = Release|Win32
		{810190F6-9ED1-4FDC-9E1F-9CCB3AB95142}.Debug|x64.ActiveCfg = Debug|x64
		{810190F6-9ED1-4FDC-9E1F-9CCB3AB95142}.Debug|x64.Build.0 = Debug|x64
		{810190F6-9ED1-4FDC-9E1F-9CCB3AB95142}.Debug|x86.ActiveCfg = Debug|Win32
		{810190F6-9ED1-4FDC-9E1F-9CCB3AB95142}.Debug|x86.Build.0 = Debug|Win32
		{810190F6-9ED1-4FDC-9E1F-9CCB3AB95142}.Release|x64.ActiveCfg = Release|x64
		{810190F6-9ED1-4FDC-9E1F-9CCB3AB95142}.Release|x64.Build.0 = Release|x64
		{810190F6-9ED1-4FDC-9E1F-9CCB3AB95142}.Release|x86.ActiveCfg = Release|Win32
		{810190F6-9ED1-4FDC-9E1F-9CCB3AB95142}.Release|x86.Build.0 = Release|Win32
		{1F0FAD5B-3DFD-4516-B716-6E03657ECC52}.Debug|x64.ActiveCfg = Debug|x64
		{1F0FAD5B-3DFD-4516-B716-6E03657ECC52}.Debug|x64.Build.0 = Debug|x64
		{1F0FAD5B-3DFD-4516-B716-6E03657ECC52}.Debug|x86.ActiveCfg = Debug|Win32
		{1F0FAD5B-3DFD-4516-B716-6E03657ECC52}.Debug|x86.Build.0 = Debug|Win32
		{1F0FAD5B-3DFD-4516-B716-6E03657ECC52}.Release|x64.ActiveCfg = Release|x64
		{1F0FAD5B-3DFD-4516-B716-6E03657ECC52}.Release|x64.Build.0 = Release|x64
		{1F0FAD5B-3DFD-4516-B716-6E03657ECC52}.Release|x86.ActiveCfg = Release|Win32
		{1F0FAD5B-3DFD-4516-B716-6E03657ECC52}.Release|x86.Build.0 = Release|Win32
		{94338044-EA95-433B-A7D9-0DF995BAC009}.Debug|x64.ActiveCfg = Debug|x64
		{94338044-EA95-433B-A7D9-0DF995BAC009}.Debug|x64.Build.0 = Debug|x64
		{94338044-EA95-433B-A7D9-0DF995BAC009}.Debug|x86.ActiveCfg = Debug|Win32
		{94338044-EA95-433B-A7D9-0DF995BAC009}.Debug|x86.Build.0 = Debug|Win32
		{94338044-EA95-433B-A7D9-0DF995BAC009}.Release|x64.ActiveCfg = Release|x64
		{94338044-EA95-433B-A7D9-0DF995BAC009}.Release|x64.Build.0 = Release|x64
		{94338044-EA95-433B-A7D9-0DF995BAC009}.Release|x86.ActiveCfg = Release|Win32
		{94338044-EA95-433B-A7D9-0DF995BAC009}.Release|x86.Build.0 = Release|Win32
		{43D3301A-70A9-4891-BC9D-D7B349F09CEE}.Debug|x64.ActiveCfg = Debug|x64
		{43D3301A-70A9-4891-BC9D-D7B349F09CEE}.Debug|x64.Build.0 = Debug|x64
		{43D3301A-70A9-4891-BC9D-D7B349F09CEE}.Debug|x86.ActiveCfg = Debug|Win32
		{43D3301A-70A9-4891-BC9D-D7B349F09CEE}.Debug|x86.Build.0 = Debug|Win32
		{43D3301A-70A9-4891-BC9D-D7B349F09CEE}.Release|x64.ActiveCfg = Release|x64
		{43D3301A-70A9-4891-BC9D-D7B349F09CEE}.Release|x64.Build.0 = Release|x64
		{43D3301A-70A9-4891-BC9D-D7B349F09CEE}.Release|x86.ActiveCfg = Release|Win32
		{43D3301A-70A9-4891-BC9D-D7B349F09CEE}.Release|x86.Build.0 = Release|Win32
		{427B7A56-4306-4097-AC96-D5219FD5263E}.Debug|x64.ActiveCfg = Debug|x64
		{427B7A56-4306-4097-AC96-D5219FD5263E}.Debug|x64.Build.0 = Debug|x64
		{427B7A56-4306-4097-AC96-D5219FD5263E}.Debug|x86.ActiveCfg = Debug|Win32
		{427B7A56-4306-4097-AC96-D5219FD5263E}.Debug|x86.Build.0 = Debug|Win32
		{427B7A56-4306-4097-AC96-D5219FD5263E}.Release|x64.ActiveCfg = Release|x64
		{427B7A56-4306-4097-AC96-D5219FD5263E}.Release|x64.Build.0 = Release|x64
		{427B7A56-4306-4097-AC96-D5219FD5263E}.Release|x86.ActiveCfg = Release|Win32
		{427B7A56-4306-4097-AC96-D5219FD5263E}.Release|x86.Build.0 = Release|Win32
		{EAFC32AB-C006-4276-9323-071773B4E954}.Debug|x64.ActiveCfg = Debug|x64
		{EAFC32AB-C006-4276-9323-071773B4E954}.Debug|x64.Build.0 = Debug|x64
		{EAFC32AB-C006-4276-9323-071773B4E954}.Debug|x86.ActiveCfg = Debug|Win32
		{EAFC32AB-C006-4276-9323-071773B4E954}.Debug|x86.Build.0 = Debug|Win32
		{EAFC32AB-C006-4276-9323-071773B4E954}.Release|x64.ActiveCfg = Release|x64
		{EAFC32AB-C006-4276-9323-071773B4E954}.Release|x64.Build.0 = Release|x64
		{EAFC32AB-C006-4276-9323-071773B4E954}.Release|x86.ActiveCfg = Release|Win32
		{EAFC32AB-C006-4276-9323-071773B4E954}.Release|x86.Build.0 = Release|Win32
		{D43F886D-B026-43EF-AB67-93A66C3CC88B}.Debug|x64.ActiveCfg = Debug|x64
		{D43F886D-B026-43EF-AB67-93A66C3CC88B}.Debug|x64.Build.0 = Debug|x64
		{D43F886D-B026-43EF-AB67-93A66C3CC88B}.Debug|x86.ActiveCfg = Debug|Win32
		{D43F886D-B026-43EF-AB67-93A66C3CC88B}.Debug|x86.Build.0 = Debug|Win32
		{D43F886D-B026-43EF-AB67-93A66C3CC88B}.Release|x64.ActiveCfg = Release|x64
		{D43F886D-B026-43EF-AB67-93A66C3CC88B}.Release|x64.Build.0 = Release|x64
		{D43F886D-B026-43EF-AB67-93A66C3CC88B}.Release|x86.ActiveCfg = Release|Win32
		{D43F886D-B026-43EF-AB67-93A66C3CC88B}.Release|x86.Build.0 = Release|Win32
		{F914E8A4-DD07-49A0-8A21-C540F59D518A}.Debug|x64.ActiveCfg = Debug|x64
		{F914E8A4-DD07-49A0-8A21-C540F59D518A}.Debug|x64.Build.0 = Debug|x64
		{F914E8A4-DD07-49A0-8A21-C540F59D518A}.Debug|x86.ActiveCfg = Debug|Win32
		{F914E8A4-DD07-49A0-8A21-C540F59D518A}.Debug|x86.Build.0 = Debug|Win32
		{F914E8A4-DD07-49A0-8A21-C540F59D518A}.Release|x64.ActiveCfg = Release|x64
		{F914E8A4-DD07-49A0-8A21-C540F59D518A}.Release|x64.Build.0 = Release|x64
		{F914E8A4-DD07-49A0-8A21-C540F59D518A}.Release|x86.ActiveCfg = Release|Win32
		{F914E8A4-DD07-49A0-8A21-C540F59D518A}.Release|x86.Build.0 = Release|Win32
		{027645D9-3747-4F86-A117-BB57007923F8}.Debug|x64.ActiveCfg = Debug|x64
		{027645D9-3747-4F86-A117-BB57007923F8}.Debug|x64.Build.0 = Debug|x64
		{027645D9-3747-4F86-A117-BB57007923F8}.Debug|x86.ActiveCfg = Debug|Win32
		{027645D9-3747-4F86-A117-BB57007923F8}.Debug|x86.Build.0 = Debug|Win32
		{027645D9-3747-4F86-A117-BB57007923F8}.Release|x64.ActiveCfg = Release|x64
		{027645D9-3747-4F86-A117-BB57007923F8}.Release|x64.Build.0 = Release|x64
		{027645D9-3747-4F86-A117-BB57007923F8}.Release|x86.ActiveCfg = Release|Win32
		{027645D9-3747-4F86-A117-BB57007923F8}.Release|x86.Build.0 = Release|Win32
	EndGlobalSection
	GlobalSection(SolutionProperties) = preSolution
		HideSolutionNode = FALSE
	EndGlobalSection
	GlobalSection(ExtensibilityGlobals) = postSolution
		SolutionGuid = {DEB6417F-506E-4B50-A346-96ABF4CA79E5}
	EndGlobalSection
EndGlobal
